# This file was removed due to sync issues
# Run `npm install` locally to regenerate package-lock.json with correct dependencies
# The following packages need to be properly resolved:
# - @aws-sdk/client-bedrock-agent@^3.1048.0
# - @aws-sdk/client-bedrock-agent-runtime@^3.1048.0
# - @aws-sdk/client-s3@^3.1048.0
# - @aws-sdk/client-s3vectors@^3.1048.0
# - @aws-sdk/s3-request-presigner@^3.1048.0
